// !$*UTF8*$!
{
	archiveVersion = 1;
	classes = {
	};
	objectVersion = 46;
	objects = {

/* Begin PBXBuildFile section */
		8425829E19FA65A300024C0C /* main.m in Sources */ = {isa = PBXBuildFile; fileRef = 8425829D19FA65A300024C0C /* main.m */; };
		842582A619FA663400024C0C /* EventManager.m in Sources */ = {isa = PBXBuildFile; fileRef = 842582A519FA663400024C0C /* EventManager.m */; };
		842582A919FA6A3300024C0C /* Event.m in Sources */ = {isa = PBXBuildFile; fileRef = 842582A819FA6A3300024C0C /* Event.m */; };
		842582AF19FA6E5400024C0C /* EventCategory.m in Sources */ = {isa = PBXBuildFile; fileRef = 842582AE19FA6E5400024C0C /* EventCategory.m */; };
/* End PBXBuildFile section */

/* Begin PBXCopyFilesBuildPhase section */
		8425829819FA65A200024C0C /* CopyFiles */ = {
			isa = PBXCopyFilesBuildPhase;
			buildActionMask = 2147483647;
			dstPath = /usr/share/man/man1/;
			dstSubfolderSpec = 0;
			files = (
			);
			runOnlyForDeploymentPostprocessing = 1;
		};
/* End PBXCopyFilesBuildPhase section */

/* Begin PBXFileReference section */
		8425829A19FA65A200024C0C /* Event Manager Aplication */ = {isa = PBXFileReference; explicitFileType = "compiled.mach-o.executable"; includeInIndex = 0; path = "Event Manager Aplication"; sourceTree = BUILT_PRODUCTS_DIR; };
		8425829D19FA65A300024C0C /* main.m */ = {isa = PBXFileReference; lastKnownFileType = sourcecode.c.objc; path = main.m; sourceTree = "<group>"; };
		842582A419FA663400024C0C /* EventManager.h */ = {isa = PBXFileReference; fileEncoding = 4; lastKnownFileType = sourcecode.c.h; path = EventManager.h; sourceTree = "<group>"; };
		842582A519FA663400024C0C /* EventManager.m */ = {isa = PBXFileReference; fileEncoding = 4; lastKnownFileType = sourcecode.c.objc; path = EventManager.m; sourceTree = "<group>"; };
		842582A719FA6A3300024C0C /* Event.h */ = {isa = PBXFileReference; fileEncoding = 4; lastKnownFileType = sourcecode.c.h; path = Event.h; sourceTree = "<group>"; };
		842582A819FA6A3300024C0C /* Event.m */ = {isa = PBXFileReference; fileEncoding = 4; lastKnownFileType = sourcecode.c.objc; path = Event.m; sourceTree = "<group>"; };
		842582AD19FA6E5400024C0C /* EventCategory.h */ = {isa = PBXFileReference; fileEncoding = 4; lastKnownFileType = sourcecode.c.h; path = EventCategory.h; sourceTree = "<group>"; };
		842582AE19FA6E5400024C0C /* EventCategory.m */ = {isa = PBXFileReference; fileEncoding = 4; lastKnownFileType = sourcecode.c.objc; path = EventCategory.m; sourceTree = "<group>"; };
/* End PBXFileReference section */

/* Begin PBXFrameworksBuildPhase section */
		8425829719FA65A200024C0C /* Frameworks */ = {
			isa = PBXFrameworksBuildPhase;
			buildActionMask = 2147483647;
			files = (
			);
			runOnlyForDeploymentPostprocessing = 0;
		};
/* End PBXFrameworksBuildPhase section */

/* Begin PBXGroup section */
		8425829119FA65A200024C0C = {
			isa = PBXGroup;
			children = (
				8425829C19FA65A200024C0C /* Event Manager Aplication */,
				8425829B19FA65A200024C0C /* Products */,
			);
			sourceTree = "<group>";
		};
		8425829B19FA65A200024C0C /* Products */ = {
			isa = PBXGroup;
			children = (
				8425829A19FA65A200024C0C /* Event Manager Aplication */,
			);
			name = Products;
			sourceTree = "<group>";
		};
		8425829C19FA65A200024C0C /* Event Manager Aplication */ = {
			isa = PBXGroup;
			children = (
				8425829D19FA65A300024C0C /* main.m */,
				842582A419FA663400024C0C /* EventManager.h */,
				842582A519FA663400024C0C /* EventManager.m */,
				842582A719FA6A3300024C0C /* Event.h */,
				842582A819FA6A3300024C0C /* Event.m */,
				842582AD19FA6E5400024C0C /* EventCategory.h */,
				842582AE19FA6E5400024C0C /* EventCategory.m */,
			);
			path = "Event Manager Aplication";
			sourceTree = "<group>";
		};
/* End PBXGroup section */

/* Begin PBXNativeTarget section */
		8425829919FA65A200024C0C /* Event Manager Aplication */ = {
			isa = PBXNativeTarget;
			buildConfigurationList = 842582A119FA65A300024C0C /* Build configuration list for PBXNativeTarget "Event Manager Aplication" */;
			buildPhases = (
				8425829619FA65A200024C0C /* Sources */,
				8425829719FA65A200024C0C /* Frameworks */,
				8425829819FA65A200024C0C /* CopyFiles */,
			);
			buildRules = (
			);
			dependencies = (
			);
			name = "Event Manager Aplication";
			productName = "Event Manager Aplication";
			productReference = 8425829A19FA65A200024C0C /* Event Manager Aplication */;
			productType = "com.apple.product-type.tool";
		};
/* End PBXNativeTarget section */

/* Begin PBXProject section */
		8425829219FA65A200024C0C /* Project object */ = {
			isa = PBXProject;
			attributes = {
				LastUpgradeCheck = 0600;
				ORGANIZATIONNAME = "Borislav Boyadzhiev";
				TargetAttributes = {
					8425829919FA65A200024C0C = {
						CreatedOnToolsVersion = 6.0;
					};
				};
			};
			buildConfigurationList = 8425829519FA65A200024C0C /* Build configuration list for PBXProject "Event Manager Aplication" */;
			compatibilityVersion = "Xcode 3.2";
			developmentRegion = English;
			hasScannedForEncodings = 0;
			knownRegions = (
				en,
			);
			mainGroup = 8425829119FA65A200024C0C;
			productRefGroup = 8425829B19FA65A200024C0C /* Products */;
			projectDirPath = "";
			projectRoot = "";
			targets = (
				8425829919FA65A200024C0C /* Event Manager Aplication */,
			);
		};
/* End PBXProject section */

/* Begin PBXSourcesBuildPhase section */
		8425829619FA65A200024C0C /* Sources */ = {
			isa = PBXSourcesBuildPhase;
			buildActionMask = 2147483647;
			files = (
				842582AF19FA6E5400024C0C /* EventCategory.m in Sources */,
				842582A919FA6A3300024C0C /* Event.m in Sources */,
				842582A619FA663400024C0C /* EventManager.m in Sources */,
				8425829E19FA65A300024C0C /* main.m in Sources */,
			);
			runOnlyForDeploymentPostprocessing = 0;
		};
/* End PBXSourcesBuildPhase section */

/* Begin XCBuildConfiguration section */
		8425829F19FA65A300024C0C /* Debug */ = {
			isa = XCBuildConfiguration;
			buildSettings = {
				ALWAYS_SEARCH_USER_PATHS = NO;
				CLANG_CXX_LANGUAGE_STANDARD = "gnu++0x";
				CLANG_CXX_LIBRARY = "libc++";
				CLANG_ENABLE_MODULES = YES;
				CLANG_ENABLE_OBJC_ARC = YES;
				CLANG_WARN_BOOL_CONVERSION = YES;
				CLANG_WARN_CONSTANT_CONVERSION = YES;
				CLANG_WARN_DIRECT_OBJC_ISA_USAGE = YES_ERROR;
				CLANG_WARN_EMPTY_BODY = YES;
				CLANG_WARN_ENUM_CONVERSION = YES;
				CLANG_WARN_INT_CONVERSION = YES;
				CLANG_WARN_OBJC_ROOT_CLASS = YES_ERROR;
				CLANG_WARN_UNREACHABLE_CODE = YES;
				CLANG_WARN__DUPLICATE_METHOD_MATCH = YES;
				COPY_PHASE_STRIP = NO;
				ENABLE_STRICT_OBJC_MSGSEND = YES;
				GCC_C_LANGUAGE_STANDARD = gnu99;
				GCC_DYNAMIC_NO_PIC = NO;
				GCC_OPTIMIZATION_LEVEL = 0;
				GCC_PREPROCESSOR_DEFINITIONS = (
					"DEBUG=1",
					"$(inherited)",
				);
				GCC_SYMBOLS_PRIVATE_EXTERN = NO;
				GCC_WARN_64_TO_32_BIT_CONVERSION = YES;
				GCC_WARN_ABOUT_RETURN_TYPE = YES_ERROR;
				GCC_WARN_UNDECLARED_SELECTOR = YES;
				GCC_WARN_UNINITIALIZED_AUTOS = YES_AGGRESSIVE;
				GCC_WARN_UNUSED_FUNCTION = YES;
				GCC_WARN_UNUSED_VARIABLE = YES;
				MACOSX_DEPLOYMENT_TARGET = 10.9;
				METAL_ENABLE_DEBUG_INFO = YES;
				ONLY_ACTIVE_ARCH = YES;
				SDKROOT = macosx;
			};
			name = Debug;
		};
		842582A019FA65A300024C0C /* Release */ = {
			isa = XCBuildConfiguration;
			buildSettings = {
				ALWAYS_SEARCH_USER_PATHS = NO;
				CLANG_CXX_LANGUAGE_STANDARD = "gnu++0x";
				CLANG_CXX_LIBRARY = "libc++";
				CLANG_ENABLE_MODULES = YES;
				CLANG_ENABLE_OBJC_ARC = YES;
				CLANG_WARN_BOOL_CONVERSION = YES;
				CLANG_WARN_CONSTANT_CONVERSION = YES;
				CLANG_WARN_DIRECT_OBJC_ISA_USAGE = YES_ERROR;
				CLANG_WARN_EMPTY_BODY = YES;
				CLANG_WARN_ENUM_CONVERSION = YES;
				CLANG_WARN_INT_CONVERSION = YES;
				CLANG_WARN_OBJC_ROOT_CLASS = YES_ERROR;
				CLANG_WARN_UNREACHABLE_CODE = YES;
				CLANG_WARN__DUPLICATE_METHOD_MATCH = YES;
				COPY_PHASE_STRIP = YES;
				DEBUG_INFORMATION_FORMAT = "dwarf-with-dsym";
				ENABLE_NS_ASSERTIONS = NO;
				ENABLE_STRICT_OBJC_MSGSEND = YES;
				GCC_C_LANGUAGE_STANDARD = gnu99;
				GCC_WARN_64_TO_32_BIT_CONVERSION = YES;
				GCC_WARN_ABOUT_RETURN_TYPE = YES_ERROR;
				GCC_WARN_UNDECLARED_SELECTOR = YES;
				GCC_WARN_UNINITIALIZED_AUTOS = YES_AGGRESSIVE;
				GCC_WARN_UNUSED_FUNCTION = YES;
				GCC_WARN_UNUSED_VARIABLE = YES;
				MACOSX_DEPLOYMENT_TARGET = 10.9;
				METAL_ENABLE_DEBUG_INFO = NO;
				SDKROOT = macosx;
			};
			name = Release;
		};
		842582A219FA65A300024C0C /* Debug */ = {
			isa = XCBuildConfiguration;
			buildSettings = {
				PRODUCT_NAME = "$(TARGET_NAME)";
			};
			name = Debug;
		};
		842582A319FA65A300024C0C /* Release */ = {
			isa = XCBuildConfiguration;
			buildSettings = {
				PRODUCT_NAME = "$(TARGET_NAME)";
			};
			name = Release;
		};
/* End XCBuildConfiguration section */

/* Begin XCConfigurationList section */
		8425829519FA65A200024C0C /* Build configuration list for PBXProject "Event Manager Aplication" */ = {
			isa = XCConfigurationList;
			buildConfigurations = (
				8425829F19FA65A300024C0C /* Debug */,
				842582A019FA65A300024C0C /* Release */,
			);
			defaultConfigurationIsVisible = 0;
			defaultConfigurationName = Release;
		};
		842582A119FA65A300024C0C /* Build configuration list for PBXNativeTarget "Event Manager Aplication" */ = {
			isa = XCConfigurationList;
			buildConfigurations = (
				842582A219FA65A300024C0C /* Debug */,
				842582A319FA65A300024C0C /* Release */,
			);
			defaultConfigurationIsVisible = 0;
		};
/* End XCConfigurationList section */
	};
	rootObject = 8425829219FA65A200024C0C /* Project object */;
}
